// !$*UTF8*$!
{
	archiveVersion = 1;
	classes = {
	};
	objectVersion = 50;
	objects = {

/* Begin PBXBuildFile section */
		FA29A52526EF30610050DCFB /* OnBoardingView.swift in Sources */ = {isa = PBXBuildFile; fileRef = FA29A52426EF30610050DCFB /* OnBoardingView.swift */; };
		FA29A52726EF38E80050DCFB /* Colors.swift in Sources */ = {isa = PBXBuildFile; fileRef = FA29A52626EF38E80050DCFB /* Colors.swift */; };
		FA83D35926F16A0F00600445 /* AmountTyperView.swift in Sources */ = {isa = PBXBuildFile; fileRef = FA83D35826F16A0F00600445 /* AmountTyperView.swift */; };
		FA89B27926F09B5200F75715 /* Localizable.strings in Resources */ = {isa = PBXBuildFile; fileRef = FA89B27B26F09B5200F75715 /* Localizable.strings */; };
		FA89B28026F0A53A00F75715 /* DashBoardView.swift in Sources */ = {isa = PBXBuildFile; fileRef = FA89B27F26F0A53A00F75715 /* DashBoardView.swift */; };
		FA89B28326F0C6AD00F75715 /* WelcomeView.swift in Sources */ = {isa = PBXBuildFile; fileRef = FA89B28226F0C6AD00F75715 /* WelcomeView.swift */; };
		FA89B28526F0CA1E00F75715 /* CreateNewAccountView.swift in Sources */ = {isa = PBXBuildFile; fileRef = FA89B28426F0CA1E00F75715 /* CreateNewAccountView.swift */; };
		FA89B28926F0DDDA00F75715 /* LoginView.swift in Sources */ = {isa = PBXBuildFile; fileRef = FA89B28826F0DDDA00F75715 /* LoginView.swift */; };
		FA89B28C26F0E1C700F75715 /* ResetPasswordView.swift in Sources */ = {isa = PBXBuildFile; fileRef = FA89B28B26F0E1C700F75715 /* ResetPasswordView.swift */; };
		FA89B28E26F0E2E100F75715 /* VerifyAccountView.swift in Sources */ = {isa = PBXBuildFile; fileRef = FA89B28D26F0E2E100F75715 /* VerifyAccountView.swift */; };
		FA89B29026F0E41B00F75715 /* ForgetPasswordView.swift in Sources */ = {isa = PBXBuildFile; fileRef = FA89B28F26F0E41B00F75715 /* ForgetPasswordView.swift */; };
		FAAAE8D026E8F98D00645DFA /* View+NavigationBarHidden.swift in Sources */ = {isa = PBXBuildFile; fileRef = FAAAE8CF26E8F98D00645DFA /* View+NavigationBarHidden.swift */; };
		FAAAE8D226E9060800645DFA /* OnBoardingSecondStepView.swift in Sources */ = {isa = PBXBuildFile; fileRef = FAAAE8D126E9060800645DFA /* OnBoardingSecondStepView.swift */; };
		FAB0F4B226E6B98E00944986 /* MybankApp.swift in Sources */ = {isa = PBXBuildFile; fileRef = FAB0F4B126E6B98E00944986 /* MybankApp.swift */; };
		FAB0F4B426E6B98E00944986 /* ContentView.swift in Sources */ = {isa = PBXBuildFile; fileRef = FAB0F4B326E6B98E00944986 /* ContentView.swift */; };
		FAB0F4B626E6B98F00944986 /* Assets.xcassets in Resources */ = {isa = PBXBuildFile; fileRef = FAB0F4B526E6B98F00944986 /* Assets.xcassets */; };
		FAB0F4B926E6B98F00944986 /* Preview Assets.xcassets in Resources */ = {isa = PBXBuildFile; fileRef = FAB0F4B826E6B98F00944986 /* Preview Assets.xcassets */; };
		FAB0F4C426E798B500944986 /* LaunchingView.swift in Sources */ = {isa = PBXBuildFile; fileRef = FAB0F4C326E798B500944986 /* LaunchingView.swift */; };
		FAB0F4C726E798DF00944986 /* Images.swift in Sources */ = {isa = PBXBuildFile; fileRef = FAB0F4C626E798DF00944986 /* Images.swift */; };
		FAB0F4CB26E79A2F00944986 /* MainView.swift in Sources */ = {isa = PBXBuildFile; fileRef = FAB0F4CA26E79A2F00944986 /* MainView.swift */; };
		FAB0F4CD26E79B3100944986 /* OnBoardingFirstStepView.swift in Sources */ = {isa = PBXBuildFile; fileRef = FAB0F4CC26E79B3100944986 /* OnBoardingFirstStepView.swift */; };
		FAB0F4CF26E79DC200944986 /* Localization.swift in Sources */ = {isa = PBXBuildFile; fileRef = FAB0F4CE26E79DC200944986 /* Localization.swift */; };
		FAF8492E26F2E8BD0080BECF /* PieChatView.swift in Sources */ = {isa = PBXBuildFile; fileRef = FAF8492D26F2E8BD0080BECF /* PieChatView.swift */; };
/* End PBXBuildFile section */

/* Begin PBXFileReference section */
		FA29A52426EF30610050DCFB /* OnBoardingView.swift */ = {isa = PBXFileReference; lastKnownFileType = sourcecode.swift; path = OnBoardingView.swift; sourceTree = "<group>"; };
		FA29A52626EF38E80050DCFB /* Colors.swift */ = {isa = PBXFileReference; lastKnownFileType = sourcecode.swift; path = Colors.swift; sourceTree = "<group>"; };
		FA83D35826F16A0F00600445 /* AmountTyperView.swift */ = {isa = PBXFileReference; lastKnownFileType = sourcecode.swift; path = AmountTyperView.swift; sourceTree = "<group>"; };
		FA89B27A26F09B5200F75715 /* en */ = {isa = PBXFileReference; lastKnownFileType = text.plist.strings; name = en; path = en.lproj/Localizable.strings; sourceTree = "<group>"; };
		FA89B27C26F09B5B00F75715 /* da */ = {isa = PBXFileReference; lastKnownFileType = text.plist.strings; name = da; path = da.lproj/Localizable.strings; sourceTree = "<group>"; };
		FA89B27D26F09B5F00F75715 /* fr */ = {isa = PBXFileReference; lastKnownFileType = text.plist.strings; name = fr; path = fr.lproj/Localizable.strings; sourceTree = "<group>"; };
		FA89B27F26F0A53A00F75715 /* DashBoardView.swift */ = {isa = PBXFileReference; lastKnownFileType = sourcecode.swift; path = DashBoardView.swift; sourceTree = "<group>"; };
		FA89B28226F0C6AD00F75715 /* WelcomeView.swift */ = {isa = PBXFileReference; lastKnownFileType = sourcecode.swift; path = WelcomeView.swift; sourceTree = "<group>"; };
		FA89B28426F0CA1E00F75715 /* CreateNewAccountView.swift */ = {isa = PBXFileReference; lastKnownFileType = sourcecode.swift; path = CreateNewAccountView.swift; sourceTree = "<group>"; };
		FA89B28826F0DDDA00F75715 /* LoginView.swift */ = {isa = PBXFileReference; lastKnownFileType = sourcecode.swift; path = LoginView.swift; sourceTree = "<group>"; };
		FA89B28B26F0E1C700F75715 /* ResetPasswordView.swift */ = {isa = PBXFileReference; lastKnownFileType = sourcecode.swift; path = ResetPasswordView.swift; sourceTree = "<group>"; };
		FA89B28D26F0E2E100F75715 /* VerifyAccountView.swift */ = {isa = PBXFileReference; lastKnownFileType = sourcecode.swift; path = VerifyAccountView.swift; sourceTree = "<group>"; };
		FA89B28F26F0E41B00F75715 /* ForgetPasswordView.swift */ = {isa = PBXFileReference; lastKnownFileType = sourcecode.swift; path = ForgetPasswordView.swift; sourceTree = "<group>"; };
		FAAAE8CF26E8F98D00645DFA /* View+NavigationBarHidden.swift */ = {isa = PBXFileReference; lastKnownFileType = sourcecode.swift; path = "View+NavigationBarHidden.swift"; sourceTree = "<group>"; };
		FAAAE8D126E9060800645DFA /* OnBoardingSecondStepView.swift */ = {isa = PBXFileReference; lastKnownFileType = sourcecode.swift; path = OnBoardingSecondStepView.swift; sourceTree = "<group>"; };
		FAB0F4AE26E6B98E00944986 /* Mybank.app */ = {isa = PBXFileReference; explicitFileType = wrapper.application; includeInIndex = 0; path = Mybank.app; sourceTree = BUILT_PRODUCTS_DIR; };
		FAB0F4B126E6B98E00944986 /* MybankApp.swift */ = {isa = PBXFileReference; lastKnownFileType = sourcecode.swift; path = MybankApp.swift; sourceTree = "<group>"; };
		FAB0F4B326E6B98E00944986 /* ContentView.swift */ = {isa = PBXFileReference; lastKnownFileType = sourcecode.swift; path = ContentView.swift; sourceTree = "<group>"; };
		FAB0F4B526E6B98F00944986 /* Assets.xcassets */ = {isa = PBXFileReference; lastKnownFileType = folder.assetcatalog; path = Assets.xcassets; sourceTree = "<group>"; };
		FAB0F4B826E6B98F00944986 /* Preview Assets.xcassets */ = {isa = PBXFileReference; lastKnownFileType = folder.assetcatalog; path = "Preview Assets.xcassets"; sourceTree = "<group>"; };
		FAB0F4BA26E6B98F00944986 /* Info.plist */ = {isa = PBXFileReference; lastKnownFileType = text.plist.xml; path = Info.plist; sourceTree = "<group>"; };
		FAB0F4C326E798B500944986 /* LaunchingView.swift */ = {isa = PBXFileReference; lastKnownFileType = sourcecode.swift; path = LaunchingView.swift; sourceTree = "<group>"; };
		FAB0F4C626E798DF00944986 /* Images.swift */ = {isa = PBXFileReference; lastKnownFileType = sourcecode.swift; path = Images.swift; sourceTree = "<group>"; };
		FAB0F4CA26E79A2F00944986 /* MainView.swift */ = {isa = PBXFileReference; lastKnownFileType = sourcecode.swift; path = MainView.swift; sourceTree = "<group>"; };
		FAB0F4CC26E79B3100944986 /* OnBoardingFirstStepView.swift */ = {isa = PBXFileReference; lastKnownFileType = sourcecode.swift; path = OnBoardingFirstStepView.swift; sourceTree = "<group>"; };
		FAB0F4CE26E79DC200944986 /* Localization.swift */ = {isa = PBXFileReference; lastKnownFileType = sourcecode.swift; path = Localization.swift; sourceTree = "<group>"; };
		FAF8492D26F2E8BD0080BECF /* PieChatView.swift */ = {isa = PBXFileReference; lastKnownFileType = sourcecode.swift; path = PieChatView.swift; sourceTree = "<group>"; };
/* End PBXFileReference section */

/* Begin PBXFrameworksBuildPhase section */
		FAB0F4AB26E6B98E00944986 /* Frameworks */ = {
			isa = PBXFrameworksBuildPhase;
			buildActionMask = 2147483647;
			files = (
			);
			runOnlyForDeploymentPostprocessing = 0;
		};
/* End PBXFrameworksBuildPhase section */

/* Begin PBXGroup section */
		FA83D35726F169E200600445 /* AmountTyperView */ = {
			isa = PBXGroup;
			children = (
				FA83D35826F16A0F00600445 /* AmountTyperView.swift */,
			);
			path = AmountTyperView;
			sourceTree = "<group>";
		};
		FA89B27E26F0A51800F75715 /* DashBoard */ = {
			isa = PBXGroup;
			children = (
				FA89B27F26F0A53A00F75715 /* DashBoardView.swift */,
			);
			path = DashBoard;
			sourceTree = "<group>";
		};
		FA89B28126F0C69700F75715 /* Welcome */ = {
			isa = PBXGroup;
			children = (
				FA89B28226F0C6AD00F75715 /* WelcomeView.swift */,
			);
			path = Welcome;
			sourceTree = "<group>";
		};
		FA89B28626F0CA2500F75715 /* CreateNewAccount */ = {
			isa = PBXGroup;
			children = (
				FA89B28426F0CA1E00F75715 /* CreateNewAccountView.swift */,
			);
			path = CreateNewAccount;
			sourceTree = "<group>";
		};
		FA89B28726F0DDC100F75715 /* Login */ = {
			isa = PBXGroup;
			children = (
				FA89B28826F0DDDA00F75715 /* LoginView.swift */,
			);
			path = Login;
			sourceTree = "<group>";
		};
		FA89B28A26F0E1A100F75715 /* ForgetPassword */ = {
			isa = PBXGroup;
			children = (
				FA89B28B26F0E1C700F75715 /* ResetPasswordView.swift */,
				FA89B28D26F0E2E100F75715 /* VerifyAccountView.swift */,
				FA89B28F26F0E41B00F75715 /* ForgetPasswordView.swift */,
			);
			path = ForgetPassword;
			sourceTree = "<group>";
		};
		FAAAE8CE26E8F96300645DFA /* CustomViews */ = {
			isa = PBXGroup;
			children = (
				FAAAE8CF26E8F98D00645DFA /* View+NavigationBarHidden.swift */,
			);
			path = CustomViews;
			sourceTree = "<group>";
		};
		FAB0F4A526E6B98E00944986 = {
			isa = PBXGroup;
			children = (
				FAB0F4B026E6B98E00944986 /* Mybank */,
				FAB0F4AF26E6B98E00944986 /* Products */,
			);
			sourceTree = "<group>";
		};
		FAB0F4AF26E6B98E00944986 /* Products */ = {
			isa = PBXGroup;
			children = (
				FAB0F4AE26E6B98E00944986 /* Mybank.app */,
			);
			name = Products;
			sourceTree = "<group>";
		};
		FAB0F4B026E6B98E00944986 /* Mybank */ = {
			isa = PBXGroup;
			children = (
				FAB0F4C226E7989700944986 /* UI */,
				FAB0F4C026E7983500944986 /* App */,
				FAB0F4B526E6B98F00944986 /* Assets.xcassets */,
				FAB0F4B726E6B98F00944986 /* Preview Content */,
			);
			path = Mybank;
			sourceTree = "<group>";
		};
		FAB0F4B726E6B98F00944986 /* Preview Content */ = {
			isa = PBXGroup;
			children = (
				FAB0F4B826E6B98F00944986 /* Preview Assets.xcassets */,
			);
			path = "Preview Content";
			sourceTree = "<group>";
		};
		FAB0F4C026E7983500944986 /* App */ = {
			isa = PBXGroup;
			children = (
				FAB0F4B126E6B98E00944986 /* MybankApp.swift */,
				FAB0F4B326E6B98E00944986 /* ContentView.swift */,
				FAB0F4BA26E6B98F00944986 /* Info.plist */,
				FA89B27B26F09B5200F75715 /* Localizable.strings */,
			);
			path = App;
			sourceTree = "<group>";
		};
		FAB0F4C126E7988E00944986 /* Screens */ = {
			isa = PBXGroup;
			children = (
				FAF8492C26F2E8620080BECF /* GraphView */,
				FA83D35726F169E200600445 /* AmountTyperView */,
				FA89B28A26F0E1A100F75715 /* ForgetPassword */,
				FA89B28726F0DDC100F75715 /* Login */,
				FA89B28626F0CA2500F75715 /* CreateNewAccount */,
				FA89B28126F0C69700F75715 /* Welcome */,
				FA89B27E26F0A51800F75715 /* DashBoard */,
				FAB0F4C926E799BE00944986 /* OnBoarding */,
				FAB0F4C826E799A500944986 /* Main */,
			);
			path = Screens;
			sourceTree = "<group>";
		};
		FAB0F4C226E7989700944986 /* UI */ = {
			isa = PBXGroup;
			children = (
				FAAAE8CE26E8F96300645DFA /* CustomViews */,
				FAB0F4C526E798CD00944986 /* UIConstants */,
				FAB0F4C126E7988E00944986 /* Screens */,
			);
			path = UI;
			sourceTree = "<group>";
		};
		FAB0F4C526E798CD00944986 /* UIConstants */ = {
			isa = PBXGroup;
			children = (
				FAB0F4C626E798DF00944986 /* Images.swift */,
				FAB0F4CE26E79DC200944986 /* Localization.swift */,
				FA29A52626EF38E80050DCFB /* Colors.swift */,
			);
			path = UIConstants;
			sourceTree = "<group>";
		};
		FAB0F4C826E799A500944986 /* Main */ = {
			isa = PBXGroup;
			children = (
				FAB0F4C326E798B500944986 /* LaunchingView.swift */,
				FAB0F4CA26E79A2F00944986 /* MainView.swift */,
			);
			path = Main;
			sourceTree = "<group>";
		};
		FAB0F4C926E799BE00944986 /* OnBoarding */ = {
			isa = PBXGroup;
			children = (
				FAB0F4CC26E79B3100944986 /* OnBoardingFirstStepView.swift */,
				FAAAE8D126E9060800645DFA /* OnBoardingSecondStepView.swift */,
				FA29A52426EF30610050DCFB /* OnBoardingView.swift */,
			);
			path = OnBoarding;
			sourceTree = "<group>";
		};
		FAF8492C26F2E8620080BECF /* GraphView */ = {
			isa = PBXGroup;
			children = (
				FAF8492D26F2E8BD0080BECF /* PieChatView.swift */,
			);
			path = GraphView;
			sourceTree = "<group>";
		};
/* End PBXGroup section */

/* Begin PBXNativeTarget section */
		FAB0F4AD26E6B98E00944986 /* Mybank */ = {
			isa = PBXNativeTarget;
			buildConfigurationList = FAB0F4BD26E6B98F00944986 /* Build configuration list for PBXNativeTarget "Mybank" */;
			buildPhases = (
				FAB0F4AA26E6B98E00944986 /* Sources */,
				FAB0F4AB26E6B98E00944986 /* Frameworks */,
				FAB0F4AC26E6B98E00944986 /* Resources */,
			);
			buildRules = (
			);
			dependencies = (
			);
			name = Mybank;
			productName = Mybank;
			productReference = FAB0F4AE26E6B98E00944986 /* Mybank.app */;
			productType = "com.apple.product-type.application";
		};
/* End PBXNativeTarget section */

/* Begin PBXProject section */
		FAB0F4A626E6B98E00944986 /* Project object */ = {
			isa = PBXProject;
			attributes = {
				LastSwiftUpdateCheck = 1250;
				LastUpgradeCheck = 1250;
				TargetAttributes = {
					FAB0F4AD26E6B98E00944986 = {
						CreatedOnToolsVersion = 12.5.1;
					};
				};
			};
			buildConfigurationList = FAB0F4A926E6B98E00944986 /* Build configuration list for PBXProject "Mybank" */;
			compatibilityVersion = "Xcode 9.3";
			developmentRegion = en;
			hasScannedForEncodings = 0;
			knownRegions = (
				en,
				Base,
				da,
				fr,
			);
			mainGroup = FAB0F4A526E6B98E00944986;
			productRefGroup = FAB0F4AF26E6B98E00944986 /* Products */;
			projectDirPath = "";
			projectRoot = "";
			targets = (
				FAB0F4AD26E6B98E00944986 /* Mybank */,
			);
		};
/* End PBXProject section */

/* Begin PBXResourcesBuildPhase section */
		FAB0F4AC26E6B98E00944986 /* Resources */ = {
			isa = PBXResourcesBuildPhase;
			buildActionMask = 2147483647;
			files = (
				FAB0F4B926E6B98F00944986 /* Preview Assets.xcassets in Resources */,
				FA89B27926F09B5200F75715 /* Localizable.strings in Resources */,
				FAB0F4B626E6B98F00944986 /* Assets.xcassets in Resources */,
			);
			runOnlyForDeploymentPostprocessing = 0;
		};
/* End PBXResourcesBuildPhase section */

/* Begin PBXSourcesBuildPhase section */
		FAB0F4AA26E6B98E00944986 /* Sources */ = {
			isa = PBXSourcesBuildPhase;
			buildActionMask = 2147483647;
			files = (
				FAAAE8D026E8F98D00645DFA /* View+NavigationBarHidden.swift in Sources */,
				FAF8492E26F2E8BD0080BECF /* PieChatView.swift in Sources */,
				FA29A52726EF38E80050DCFB /* Colors.swift in Sources */,
				FAB0F4CD26E79B3100944986 /* OnBoardingFirstStepView.swift in Sources */,
				FA89B28C26F0E1C700F75715 /* ResetPasswordView.swift in Sources */,
				FA89B29026F0E41B00F75715 /* ForgetPasswordView.swift in Sources */,
				FA89B28926F0DDDA00F75715 /* LoginView.swift in Sources */,
				FAB0F4CF26E79DC200944986 /* Localization.swift in Sources */,
				FA29A52526EF30610050DCFB /* OnBoardingView.swift in Sources */,
				FAB0F4B426E6B98E00944986 /* ContentView.swift in Sources */,
				FAB0F4C726E798DF00944986 /* Images.swift in Sources */,
				FA89B28E26F0E2E100F75715 /* VerifyAccountView.swift in Sources */,
				FA89B28326F0C6AD00F75715 /* WelcomeView.swift in Sources */,
				FAB0F4B226E6B98E00944986 /* MybankApp.swift in Sources */,
				FA89B28526F0CA1E00F75715 /* CreateNewAccountView.swift in Sources */,
				FAB0F4CB26E79A2F00944986 /* MainView.swift in Sources */,
				FA89B28026F0A53A00F75715 /* DashBoardView.swift in Sources */,
				FAB0F4C426E798B500944986 /* LaunchingView.swift in Sources */,
				FAAAE8D226E9060800645DFA /* OnBoardingSecondStepView.swift in Sources */,
				FA83D35926F16A0F00600445 /* AmountTyperView.swift in Sources */,
			);
			runOnlyForDeploymentPostprocessing = 0;
		};
/* End PBXSourcesBuildPhase section */

/* Begin PBXVariantGroup section */
		FA89B27B26F09B5200F75715 /* Localizable.strings */ = {
			isa = PBXVariantGroup;
			children = (
				FA89B27A26F09B5200F75715 /* en */,
				FA89B27C26F09B5B00F75715 /* da */,
				FA89B27D26F09B5F00F75715 /* fr */,
			);
			name = Localizable.strings;
			sourceTree = "<group>";
		};
/* End PBXVariantGroup section */

/* Begin XCBuildConfiguration section */
		FAB0F4BB26E6B98F00944986 /* Debug */ = {
			isa = XCBuildConfiguration;
			buildSettings = {
				ALWAYS_SEARCH_USER_PATHS = NO;
				CLANG_ANALYZER_NONNULL = YES;
				CLANG_ANALYZER_NUMBER_OBJECT_CONVERSION = YES_AGGRESSIVE;
				CLANG_CXX_LANGUAGE_STANDARD = "gnu++14";
				CLANG_CXX_LIBRARY = "libc++";
				CLANG_ENABLE_MODULES = YES;
				CLANG_ENABLE_OBJC_ARC = YES;
				CLANG_ENABLE_OBJC_WEAK = YES;
				CLANG_WARN_BLOCK_CAPTURE_AUTORELEASING = YES;
				CLANG_WARN_BOOL_CONVERSION = YES;
				CLANG_WARN_COMMA = YES;
				CLANG_WARN_CONSTANT_CONVERSION = YES;
				CLANG_WARN_DEPRECATED_OBJC_IMPLEMENTATIONS = YES;
				CLANG_WARN_DIRECT_OBJC_ISA_USAGE = YES_ERROR;
				CLANG_WARN_DOCUMENTATION_COMMENTS = YES;
				CLANG_WARN_EMPTY_BODY = YES;
				CLANG_WARN_ENUM_CONVERSION = YES;
				CLANG_WARN_INFINITE_RECURSION = YES;
				CLANG_WARN_INT_CONVERSION = YES;
				CLANG_WARN_NON_LITERAL_NULL_CONVERSION = YES;
				CLANG_WARN_OBJC_IMPLICIT_RETAIN_SELF = YES;
				CLANG_WARN_OBJC_LITERAL_CONVERSION = YES;
				CLANG_WARN_OBJC_ROOT_CLASS = YES_ERROR;
				CLANG_WARN_QUOTED_INCLUDE_IN_FRAMEWORK_HEADER = YES;
				CLANG_WARN_RANGE_LOOP_ANALYSIS = YES;
				CLANG_WARN_STRICT_PROTOTYPES = YES;
				CLANG_WARN_SUSPICIOUS_MOVE = YES;
				CLANG_WARN_UNGUARDED_AVAILABILITY = YES_AGGRESSIVE;
				CLANG_WARN_UNREACHABLE_CODE = YES;
				CLANG_WARN__DUPLICATE_METHOD_MATCH = YES;
				COPY_PHASE_STRIP = NO;
				DEBUG_INFORMATION_FORMAT = dwarf;
				ENABLE_STRICT_OBJC_MSGSEND = YES;
				ENABLE_TESTABILITY = YES;
				GCC_C_LANGUAGE_STANDARD = gnu11;
				GCC_DYNAMIC_NO_PIC = NO;
				GCC_NO_COMMON_BLOCKS = YES;
				GCC_OPTIMIZATION_LEVEL = 0;
				GCC_PREPROCESSOR_DEFINITIONS = (
					"DEBUG=1",
					"$(inherited)",
				);
				GCC_WARN_64_TO_32_BIT_CONVERSION = YES;
				GCC_WARN_ABOUT_RETURN_TYPE = YES_ERROR;
				GCC_WARN_UNDECLARED_SELECTOR = YES;
				GCC_WARN_UNINITIALIZED_AUTOS = YES_AGGRESSIVE;
				GCC_WARN_UNUSED_FUNCTION = YES;
				GCC_WARN_UNUSED_VARIABLE = YES;
				IPHONEOS_DEPLOYMENT_TARGET = 14.5;
				MTL_ENABLE_DEBUG_INFO = INCLUDE_SOURCE;
				MTL_FAST_MATH = YES;
				ONLY_ACTIVE_ARCH = YES;
				SDKROOT = iphoneos;
				SWIFT_ACTIVE_COMPILATION_CONDITIONS = DEBUG;
				SWIFT_OPTIMIZATION_LEVEL = "-Onone";
			};
			name = Debug;
		};
		FAB0F4BC26E6B98F00944986 /* Release */ = {
			isa = XCBuildConfiguration;
			buildSettings = {
				ALWAYS_SEARCH_USER_PATHS = NO;
				CLANG_ANALYZER_NONNULL = YES;
				CLANG_ANALYZER_NUMBER_OBJECT_CONVERSION = YES_AGGRESSIVE;
				CLANG_CXX_LANGUAGE_STANDARD = "gnu++14";
				CLANG_CXX_LIBRARY = "libc++";
				CLANG_ENABLE_MODULES = YES;
				CLANG_ENABLE_OBJC_ARC = YES;
				CLANG_ENABLE_OBJC_WEAK = YES;
				CLANG_WARN_BLOCK_CAPTURE_AUTORELEASING = YES;
				CLANG_WARN_BOOL_CONVERSION = YES;
				CLANG_WARN_COMMA = YES;
				CLANG_WARN_CONSTANT_CONVERSION = YES;
				CLANG_WARN_DEPRECATED_OBJC_IMPLEMENTATIONS = YES;
				CLANG_WARN_DIRECT_OBJC_ISA_USAGE = YES_ERROR;
				CLANG_WARN_DOCUMENTATION_COMMENTS = YES;
				CLANG_WARN_EMPTY_BODY = YES;
				CLANG_WARN_ENUM_CONVERSION = YES;
				CLANG_WARN_INFINITE_RECURSION = YES;
				CLANG_WARN_INT_CONVERSION = YES;
				CLANG_WARN_NON_LITERAL_NULL_CONVERSION = YES;
				CLANG_WARN_OBJC_IMPLICIT_RETAIN_SELF = YES;
				CLANG_WARN_OBJC_LITERAL_CONVERSION = YES;
				CLANG_WARN_OBJC_ROOT_CLASS = YES_ERROR;
				CLANG_WARN_QUOTED_INCLUDE_IN_FRAMEWORK_HEADER = YES;
				CLANG_WARN_RANGE_LOOP_ANALYSIS = YES;
				CLANG_WARN_STRICT_PROTOTYPES = YES;
				CLANG_WARN_SUSPICIOUS_MOVE = YES;
				CLANG_WARN_UNGUARDED_AVAILABILITY = YES_AGGRESSIVE;
				CLANG_WARN_UNREACHABLE_CODE = YES;
				CLANG_WARN__DUPLICATE_METHOD_MATCH = YES;
				COPY_PHASE_STRIP = NO;
				DEBUG_INFORMATION_FORMAT = "dwarf-with-dsym";
				ENABLE_NS_ASSERTIONS = NO;
				ENABLE_STRICT_OBJC_MSGSEND = YES;
				GCC_C_LANGUAGE_STANDARD = gnu11;
				GCC_NO_COMMON_BLOCKS = YES;
				GCC_WARN_64_TO_32_BIT_CONVERSION = YES;
				GCC_WARN_ABOUT_RETURN_TYPE = YES_ERROR;
				GCC_WARN_UNDECLARED_SELECTOR = YES;
				GCC_WARN_UNINITIALIZED_AUTOS = YES_AGGRESSIVE;
				GCC_WARN_UNUSED_FUNCTION = YES;
				GCC_WARN_UNUSED_VARIABLE = YES;
				IPHONEOS_DEPLOYMENT_TARGET = 14.5;
				MTL_ENABLE_DEBUG_INFO = NO;
				MTL_FAST_MATH = YES;
				SDKROOT = iphoneos;
				SWIFT_COMPILATION_MODE = wholemodule;
				SWIFT_OPTIMIZATION_LEVEL = "-O";
				VALIDATE_PRODUCT = YES;
			};
			name = Release;
		};
		FAB0F4BE26E6B98F00944986 /* Debug */ = {
			isa = XCBuildConfiguration;
			buildSettings = {
				ASSETCATALOG_COMPILER_APPICON_NAME = AppIcon;
				ASSETCATALOG_COMPILER_GLOBAL_ACCENT_COLOR_NAME = AccentColor;
				CODE_SIGN_STYLE = Automatic;
				DEVELOPMENT_ASSET_PATHS = "\"Mybank/Preview Content\"";
				DEVELOPMENT_TEAM = 7N3FZGFXJT;
				ENABLE_PREVIEWS = YES;
				INFOPLIST_FILE = Mybank/App/Info.plist;
				IPHONEOS_DEPLOYMENT_TARGET = 14.0;
				LD_RUNPATH_SEARCH_PATHS = (
					"$(inherited)",
					"@executable_path/Frameworks",
				);
				PRODUCT_BUNDLE_IDENTIFIER = com.myapp.Mybank;
				PRODUCT_NAME = "$(TARGET_NAME)";
				SWIFT_VERSION = 5.0;
				TARGETED_DEVICE_FAMILY = "1,2";
			};
			name = Debug;
		};
		FAB0F4BF26E6B98F00944986 /* Release */ = {
			isa = XCBuildConfiguration;
			buildSettings = {
				ASSETCATALOG_COMPILER_APPICON_NAME = AppIcon;
				ASSETCATALOG_COMPILER_GLOBAL_ACCENT_COLOR_NAME = AccentColor;
				CODE_SIGN_STYLE = Automatic;
				DEVELOPMENT_ASSET_PATHS = "\"Mybank/Preview Content\"";
				DEVELOPMENT_TEAM = 7N3FZGFXJT;
				ENABLE_PREVIEWS = YES;
				INFOPLIST_FILE = Mybank/App/Info.plist;
				IPHONEOS_DEPLOYMENT_TARGET = 14.0;
				LD_RUNPATH_SEARCH_PATHS = (
					"$(inherited)",
					"@executable_path/Frameworks",
				);
				PRODUCT_BUNDLE_IDENTIFIER = com.myapp.Mybank;
				PRODUCT_NAME = "$(TARGET_NAME)";
				SWIFT_VERSION = 5.0;
				TARGETED_DEVICE_FAMILY = "1,2";
			};
			name = Release;
		};
/* End XCBuildConfiguration section */

/* Begin XCConfigurationList section */
		FAB0F4A926E6B98E00944986 /* Build configuration list for PBXProject "Mybank" */ = {
			isa = XCConfigurationList;
			buildConfigurations = (
				FAB0F4BB26E6B98F00944986 /* Debug */,
				FAB0F4BC26E6B98F00944986 /* Release */,
			);
			defaultConfigurationIsVisible = 0;
			defaultConfigurationName = Release;
		};
		FAB0F4BD26E6B98F00944986 /* Build configuration list for PBXNativeTarget "Mybank" */ = {
			isa = XCConfigurationList;
			buildConfigurations = (
				FAB0F4BE26E6B98F00944986 /* Debug */,
				FAB0F4BF26E6B98F00944986 /* Release */,
			);
			defaultConfigurationIsVisible = 0;
			defaultConfigurationName = Release;
		};
/* End XCConfigurationList section */
	};
	rootObject = FAB0F4A626E6B98E00944986 /* Project object */;
}
